// !$*UTF8*$!
{
	archiveVersion = 1;
	classes = {
	};
	objectVersion = 46;
	objects = {

/* Begin PBXBuildFile section */
		7026199713F176B20017C176 /* connection.c in Sources */ = {isa = PBXBuildFile; fileRef = 7026199613F176B20017C176 /* connection.c */; };
		707C3F62126A79B40088B8DD /* monitor.c in Sources */ = {isa = PBXBuildFile; fileRef = 707C3F61126A79B40088B8DD /* monitor.c */; };
		708B1943129058C300F6802B /* table.c in Sources */ = {isa = PBXBuildFile; fileRef = 708B1942129058C300F6802B /* table.c */; };
		70BB8A181290DB270055E71D /* mapper.c in Sources */ = {isa = PBXBuildFile; fileRef = 70BB8A171290DB270055E71D /* mapper.c */; };
		70DBCB3D122318A2003B0196 /* admin.c in Sources */ = {isa = PBXBuildFile; fileRef = 70DBCB32122318A2003B0196 /* admin.c */; };
		70DBCB3E122318A2003B0196 /* db.c in Sources */ = {isa = PBXBuildFile; fileRef = 70DBCB33122318A2003B0196 /* db.c */; };
		70DBCB3F122318A2003B0196 /* device.c in Sources */ = {isa = PBXBuildFile; fileRef = 70DBCB34122318A2003B0196 /* device.c */; };
		70DBCB40122318A2003B0196 /* expression.c in Sources */ = {isa = PBXBuildFile; fileRef = 70DBCB35122318A2003B0196 /* expression.c */; };
		70DBCB45122318A2003B0196 /* params.c in Sources */ = {isa = PBXBuildFile; fileRef = 70DBCB3A122318A2003B0196 /* params.c */; };
		70DBCB46122318A2003B0196 /* router.c in Sources */ = {isa = PBXBuildFile; fileRef = 70DBCB3B122318A2003B0196 /* router.c */; };
		70DBCB47122318A2003B0196 /* signal.c in Sources */ = {isa = PBXBuildFile; fileRef = 70DBCB3C122318A2003B0196 /* signal.c */; };
		70DBCB69122319BF003B0196 /* mapper_db.h in Headers */ = {isa = PBXBuildFile; fileRef = 70DBCB5E1223195A003B0196 /* mapper_db.h */; };
		70DBCB6A122319BF003B0196 /* mapper_types.h in Headers */ = {isa = PBXBuildFile; fileRef = 70DBCB5F1223195A003B0196 /* mapper_types.h */; };
		70DBCB6B122319BF003B0196 /* mapper.h in Headers */ = {isa = PBXBuildFile; fileRef = 70DBCB601223195A003B0196 /* mapper.h */; };
		70DBCB6C122319BF003B0196 /* config.h in Headers */ = {isa = PBXBuildFile; fileRef = 70DBCB5712231939003B0196 /* config.h */; };
		70DBCB6E122319BF003B0196 /* mapper_internal.h in Headers */ = {isa = PBXBuildFile; fileRef = 70DBCB5912231939003B0196 /* mapper_internal.h */; };
		70DBCB70122319BF003B0196 /* types_internal.h in Headers */ = {isa = PBXBuildFile; fileRef = 70DBCB5B12231939003B0196 /* types_internal.h */; };
		8D5B49A804867FD3000E48DA /* InfoPlist.strings in Resources */ = {isa = PBXBuildFile; fileRef = 8D5B49A704867FD3000E48DA /* InfoPlist.strings */; };
/* End PBXBuildFile section */

/* Begin PBXFileReference section */
		089C167EFE841241C02AAC07 /* English */ = {isa = PBXFileReference; fileEncoding = 4; lastKnownFileType = text.plist.strings; name = English; path = English.lproj/InfoPlist.strings; sourceTree = "<group>"; };
		7026199613F176B20017C176 /* connection.c */ = {isa = PBXFileReference; fileEncoding = 4; lastKnownFileType = sourcecode.c.c; name = connection.c; path = ../libmapper/src/connection.c; sourceTree = SOURCE_ROOT; };
		707C3F61126A79B40088B8DD /* monitor.c */ = {isa = PBXFileReference; fileEncoding = 4; lastKnownFileType = sourcecode.c.c; name = monitor.c; path = ../libmapper/src/monitor.c; sourceTree = SOURCE_ROOT; };
		708B1942129058C300F6802B /* table.c */ = {isa = PBXFileReference; fileEncoding = 4; lastKnownFileType = sourcecode.c.c; name = table.c; path = ../libmapper/src/table.c; sourceTree = SOURCE_ROOT; };
		70BB8A171290DB270055E71D /* mapper.c */ = {isa = PBXFileReference; fileEncoding = 4; lastKnownFileType = sourcecode.c.c; path = mapper.c; sourceTree = "<group>"; };
		70DBCB32122318A2003B0196 /* admin.c */ = {isa = PBXFileReference; fileEncoding = 4; lastKnownFileType = sourcecode.c.c; name = admin.c; path = ../libmapper/src/admin.c; sourceTree = SOURCE_ROOT; };
		70DBCB33122318A2003B0196 /* db.c */ = {isa = PBXFileReference; fileEncoding = 4; lastKnownFileType = sourcecode.c.c; name = db.c; path = ../libmapper/src/db.c; sourceTree = SOURCE_ROOT; };
		70DBCB34122318A2003B0196 /* device.c */ = {isa = PBXFileReference; fileEncoding = 4; lastKnownFileType = sourcecode.c.c; name = device.c; path = ../libmapper/src/device.c; sourceTree = SOURCE_ROOT; };
		70DBCB35122318A2003B0196 /* expression.c */ = {isa = PBXFileReference; fileEncoding = 4; lastKnownFileType = sourcecode.c.c; name = expression.c; path = ../libmapper/src/expression.c; sourceTree = SOURCE_ROOT; };
		70DBCB3A122318A2003B0196 /* params.c */ = {isa = PBXFileReference; fileEncoding = 4; lastKnownFileType = sourcecode.c.c; name = params.c; path = ../libmapper/src/params.c; sourceTree = SOURCE_ROOT; };
		70DBCB3B122318A2003B0196 /* router.c */ = {isa = PBXFileReference; fileEncoding = 4; lastKnownFileType = sourcecode.c.c; name = router.c; path = ../libmapper/src/router.c; sourceTree = SOURCE_ROOT; };
		70DBCB3C122318A2003B0196 /* signal.c */ = {isa = PBXFileReference; fileEncoding = 4; lastKnownFileType = sourcecode.c.c; name = signal.c; path = ../libmapper/src/signal.c; sourceTree = SOURCE_ROOT; };
		70DBCB5712231939003B0196 /* config.h */ = {isa = PBXFileReference; fileEncoding = 4; lastKnownFileType = sourcecode.c.h; name = config.h; path = ../libmapper/src/config.h; sourceTree = SOURCE_ROOT; };
		70DBCB5912231939003B0196 /* mapper_internal.h */ = {isa = PBXFileReference; fileEncoding = 4; lastKnownFileType = sourcecode.c.h; name = mapper_internal.h; path = ../libmapper/src/mapper_internal.h; sourceTree = SOURCE_ROOT; };
		70DBCB5B12231939003B0196 /* types_internal.h */ = {isa = PBXFileReference; fileEncoding = 4; lastKnownFileType = sourcecode.c.h; name = types_internal.h; path = ../libmapper/src/types_internal.h; sourceTree = SOURCE_ROOT; };
		70DBCB5E1223195A003B0196 /* mapper_db.h */ = {isa = PBXFileReference; fileEncoding = 4; lastKnownFileType = sourcecode.c.h; name = mapper_db.h; path = ../libmapper/include/mapper/mapper_db.h; sourceTree = SOURCE_ROOT; };
		70DBCB5F1223195A003B0196 /* mapper_types.h */ = {isa = PBXFileReference; fileEncoding = 4; lastKnownFileType = sourcecode.c.h; name = mapper_types.h; path = ../libmapper/include/mapper/mapper_types.h; sourceTree = SOURCE_ROOT; };
		70DBCB601223195A003B0196 /* mapper.h */ = {isa = PBXFileReference; fileEncoding = 4; lastKnownFileType = sourcecode.c.h; name = mapper.h; path = ../libmapper/include/mapper/mapper.h; sourceTree = SOURCE_ROOT; };
		8D576316048677EA00EA77CD /* mapper.mxo */ = {isa = PBXFileReference; explicitFileType = wrapper.cfbundle; includeInIndex = 0; path = mapper.mxo; sourceTree = BUILT_PRODUCTS_DIR; };
		8D576317048677EA00EA77CD /* Info.plist */ = {isa = PBXFileReference; fileEncoding = 4; lastKnownFileType = text.plist.xml; path = Info.plist; sourceTree = "<group>"; };
/* End PBXFileReference section */

/* Begin PBXFrameworksBuildPhase section */
		8D576313048677EA00EA77CD /* Frameworks */ = {
			isa = PBXFrameworksBuildPhase;
			buildActionMask = 2147483647;
			files = (
			);
			runOnlyForDeploymentPostprocessing = 0;
		};
/* End PBXFrameworksBuildPhase section */

/* Begin PBXGroup section */
		089C166AFE841209C02AAC07 /* maxadmin */ = {
			isa = PBXGroup;
			children = (
				08FB77AFFE84173DC02AAC07 /* Source */,
				089C167CFE841241C02AAC07 /* Resources */,
				089C1671FE841209C02AAC07 /* External Frameworks and Libraries */,
				19C28FB6FE9D52B211CA2CBB /* Products */,
			);
			name = maxadmin;
			sourceTree = "<group>";
		};
		089C1671FE841209C02AAC07 /* External Frameworks and Libraries */ = {
			isa = PBXGroup;
			children = (
			);
			name = "External Frameworks and Libraries";
			sourceTree = "<group>";
		};
		089C167CFE841241C02AAC07 /* Resources */ = {
			isa = PBXGroup;
			children = (
				8D576317048677EA00EA77CD /* Info.plist */,
				8D5B49A704867FD3000E48DA /* InfoPlist.strings */,
			);
			name = Resources;
			sourceTree = "<group>";
		};
		08FB77AFFE84173DC02AAC07 /* Source */ = {
			isa = PBXGroup;
			children = (
				70BB8A171290DB270055E71D /* mapper.c */,
				70DBCB651223198A003B0196 /* include */,
				70DBCB4D12231900003B0196 /* src */,
			);
			name = Source;
			sourceTree = "<group>";
		};
		19C28FB6FE9D52B211CA2CBB /* Products */ = {
			isa = PBXGroup;
			children = (
				8D576316048677EA00EA77CD /* mapper.mxo */,
			);
			name = Products;
			sourceTree = "<group>";
		};
		70DBCB4D12231900003B0196 /* src */ = {
			isa = PBXGroup;
			children = (
				70DBCB32122318A2003B0196 /* admin.c */,
				7026199613F176B20017C176 /* connection.c */,
				70DBCB33122318A2003B0196 /* db.c */,
				70DBCB34122318A2003B0196 /* device.c */,
				70DBCB35122318A2003B0196 /* expression.c */,
				707C3F61126A79B40088B8DD /* monitor.c */,
				70DBCB3A122318A2003B0196 /* params.c */,
				70DBCB3B122318A2003B0196 /* router.c */,
				70DBCB3C122318A2003B0196 /* signal.c */,
				708B1942129058C300F6802B /* table.c */,
			);
			name = src;
			sourceTree = "<group>";
		};
		70DBCB651223198A003B0196 /* include */ = {
			isa = PBXGroup;
			children = (
				70DBCB5E1223195A003B0196 /* mapper_db.h */,
				70DBCB5F1223195A003B0196 /* mapper_types.h */,
				70DBCB601223195A003B0196 /* mapper.h */,
				70DBCB5712231939003B0196 /* config.h */,
				70DBCB5912231939003B0196 /* mapper_internal.h */,
				70DBCB5B12231939003B0196 /* types_internal.h */,
			);
			name = include;
			sourceTree = "<group>";
		};
/* End PBXGroup section */

/* Begin PBXHeadersBuildPhase section */
		70DBCB71122319DD003B0196 /* Headers */ = {
			isa = PBXHeadersBuildPhase;
			buildActionMask = 2147483647;
			files = (
				70DBCB69122319BF003B0196 /* mapper_db.h in Headers */,
				70DBCB6A122319BF003B0196 /* mapper_types.h in Headers */,
				70DBCB6B122319BF003B0196 /* mapper.h in Headers */,
				70DBCB6C122319BF003B0196 /* config.h in Headers */,
				70DBCB6E122319BF003B0196 /* mapper_internal.h in Headers */,
				70DBCB70122319BF003B0196 /* types_internal.h in Headers */,
			);
			runOnlyForDeploymentPostprocessing = 0;
		};
/* End PBXHeadersBuildPhase section */

/* Begin PBXNativeTarget section */
		8D57630D048677EA00EA77CD /* mapper */ = {
			isa = PBXNativeTarget;
			buildConfigurationList = 1DEB911A08733D790010E9CD /* Build configuration list for PBXNativeTarget "mapper" */;
			buildPhases = (
				70DBCB71122319DD003B0196 /* Headers */,
				8D57630F048677EA00EA77CD /* Resources */,
				8D576311048677EA00EA77CD /* Sources */,
				8D576313048677EA00EA77CD /* Frameworks */,
			);
			buildRules = (
			);
			dependencies = (
			);
			name = mapper;
			productInstallPath = "$(HOME)/Library/Bundles";
			productName = maxadmin;
			productReference = 8D576316048677EA00EA77CD /* mapper.mxo */;
			productType = "com.apple.product-type.bundle";
		};
/* End PBXNativeTarget section */

/* Begin PBXProject section */
		089C1669FE841209C02AAC07 /* Project object */ = {
			isa = PBXProject;
			attributes = {
				LastUpgradeCheck = 0430;
			};
			buildConfigurationList = 1DEB911E08733D790010E9CD /* Build configuration list for PBXProject "mapper" */;
			compatibilityVersion = "Xcode 3.2";
			developmentRegion = English;
			hasScannedForEncodings = 1;
			knownRegions = (
				English,
				Japanese,
				French,
				German,
			);
			mainGroup = 089C166AFE841209C02AAC07 /* maxadmin */;
			projectDirPath = "";
			projectRoot = "";
			targets = (
				8D57630D048677EA00EA77CD /* mapper */,
			);
		};
/* End PBXProject section */

/* Begin PBXResourcesBuildPhase section */
		8D57630F048677EA00EA77CD /* Resources */ = {
			isa = PBXResourcesBuildPhase;
			buildActionMask = 2147483647;
			files = (
				8D5B49A804867FD3000E48DA /* InfoPlist.strings in Resources */,
			);
			runOnlyForDeploymentPostprocessing = 0;
		};
/* End PBXResourcesBuildPhase section */

/* Begin PBXSourcesBuildPhase section */
		8D576311048677EA00EA77CD /* Sources */ = {
			isa = PBXSourcesBuildPhase;
			buildActionMask = 2147483647;
			files = (
				70DBCB3D122318A2003B0196 /* admin.c in Sources */,
				70DBCB3E122318A2003B0196 /* db.c in Sources */,
				70DBCB3F122318A2003B0196 /* device.c in Sources */,
				70DBCB40122318A2003B0196 /* expression.c in Sources */,
				70DBCB45122318A2003B0196 /* params.c in Sources */,
				70DBCB46122318A2003B0196 /* router.c in Sources */,
				70DBCB47122318A2003B0196 /* signal.c in Sources */,
				707C3F62126A79B40088B8DD /* monitor.c in Sources */,
				708B1943129058C300F6802B /* table.c in Sources */,
				70BB8A181290DB270055E71D /* mapper.c in Sources */,
				7026199713F176B20017C176 /* connection.c in Sources */,
			);
			runOnlyForDeploymentPostprocessing = 0;
		};
/* End PBXSourcesBuildPhase section */

/* Begin PBXVariantGroup section */
		8D5B49A704867FD3000E48DA /* InfoPlist.strings */ = {
			isa = PBXVariantGroup;
			children = (
				089C167EFE841241C02AAC07 /* English */,
			);
			name = InfoPlist.strings;
			sourceTree = "<group>";
		};
/* End PBXVariantGroup section */

/* Begin XCBuildConfiguration section */
		1DEB911B08733D790010E9CD /* maxmsp */ = {
			isa = XCBuildConfiguration;
			buildSettings = {
				ALWAYS_SEARCH_USER_PATHS = NO;
				ARCHS = "$(ARCHS_STANDARD_32_BIT)";
				COPY_PHASE_STRIP = NO;
				FRAMEWORK_SEARCH_PATHS = (
					"$(inherited)",
					"\"$(LOCAL_LIBRARY_DIR)/Application Support/c74support/max-includes\"",
				);
				GCC_C_LANGUAGE_STANDARD = "compiler-default";
				GCC_DYNAMIC_NO_PIC = NO;
				GCC_MODEL_TUNING = G4;
				GCC_OPTIMIZATION_LEVEL = 3;
				GCC_PREFIX_HEADER = "/Applications/MaxSDK-5.1.7/c74support/max-includes/macho-prefix.pch";
				GCC_PREPROCESSOR_DEFINITIONS = "MAXMSP=1";
				GCC_PREPROCESSOR_DEFINITIONS_NOT_USED_IN_PRECOMPS = "";
				GCC_VERSION = com.apple.compilers.llvm.clang.1_0;
				GCC_WARN_ABOUT_RETURN_TYPE = NO;
				GENERATE_PKGINFO_FILE = YES;
				HEADER_SEARCH_PATHS = (
					"\"$(SRCROOT)/../libmapper\"",
					/Developer/Headers/FlatCarbon,
					"\"/Library/Application Support/c74support/max-includes\"",
					"\"$(SRCROOT)/../liblo\"",
				);
				INFOPLIST_FILE = Info.plist;
				INSTALL_PATH = "";
				ONLY_ACTIVE_ARCH = NO;
				OTHER_LDFLAGS = (
					"-framework",
					MaxAPI,
					/usr/local/lib/liblo.dylib,
					"-lmx",
					"-lz",
				);
				PRODUCT_NAME = mapper;
				SDKROOT = macosx;
				SKIP_INSTALL = NO;
				WARNING_CFLAGS = (
					"-Wmost",
					"-Wno-four-char-constants",
					"-Wno-unknown-pragmas",
				);
				WRAPPER_EXTENSION = mxo;
			};
			name = maxmsp;
		};
		1DEB911C08733D790010E9CD /* puredata */ = {
			isa = XCBuildConfiguration;
			buildSettings = {
				ALWAYS_SEARCH_USER_PATHS = NO;
				ARCHS = "$(ARCHS_STANDARD_32_BIT)";
				DEBUG_INFORMATION_FORMAT = dwarf;
				EXECUTABLE_EXTENSION = pd_darwin;
				FRAMEWORK_SEARCH_PATHS = "$(inherited)";
				GCC_MODEL_TUNING = G5;
				GCC_PREPROCESSOR_DEFINITIONS_NOT_USED_IN_PRECOMPS = "";
				GCC_VERSION = com.apple.compilers.llvm.clang.1_0;
				HEADER_SEARCH_PATHS = (
					"\"$(SRCROOT)/../liblo\"",
					"\"$(SRCROOT)/../libmapper\"/**",
				);
				INFOPLIST_FILE = Info.plist;
				INSTALL_PATH = "";
				MACH_O_TYPE = mh_dylib;
				OTHER_LDFLAGS = (
					/usr/local/lib/liblo.dylib,
					"-undefined",
					dynamic_lookup,
				);
				PRODUCT_NAME = mapper;
				SDKROOT = macosx;
				SKIP_INSTALL = NO;
				WRAPPER_EXTENSION = "";
			};
			name = puredata;
		};
		1DEB911F08733D790010E9CD /* maxmsp */ = {
			isa = XCBuildConfiguration;
			buildSettings = {
				ARCHS = "$(NATIVE_ARCH)";
				GCC_AUTO_VECTORIZATION = YES;
				GCC_C_LANGUAGE_STANDARD = "compiler-default";
				GCC_OPTIMIZATION_LEVEL = 3;
				GCC_STRICT_ALIASING = NO;
				GCC_WARN_ABOUT_RETURN_TYPE = NO;
				GCC_WARN_UNUSED_VARIABLE = NO;
				ONLY_ACTIVE_ARCH = NO;
				SDKROOT = macosx;
			};
			name = maxmsp;
		};
		1DEB912008733D790010E9CD /* puredata */ = {
			isa = XCBuildConfiguration;
			buildSettings = {
				ARCHS = "$(NATIVE_ARCH)";
				GCC_C_LANGUAGE_STANDARD = "compiler-default";
				GCC_WARN_ABOUT_RETURN_TYPE = NO;
				GCC_WARN_UNUSED_VARIABLE = NO;
				SDKROOT = macosx;
			};
			name = puredata;
		};
/* End XCBuildConfiguration section */

/* Begin XCConfigurationList section */
		1DEB911A08733D790010E9CD /* Build configuration list for PBXNativeTarget "mapper" */ = {
			isa = XCConfigurationList;
			buildConfigurations = (
				1DEB911B08733D790010E9CD /* maxmsp */,
				1DEB911C08733D790010E9CD /* puredata */,
			);
			defaultConfigurationIsVisible = 0;
			defaultConfigurationName = maxmsp;
		};
		1DEB911E08733D790010E9CD /* Build configuration list for PBXProject "mapper" */ = {
			isa = XCConfigurationList;
			buildConfigurations = (
				1DEB911F08733D790010E9CD /* maxmsp */,
				1DEB912008733D790010E9CD /* puredata */,
			);
			defaultConfigurationIsVisible = 0;
			defaultConfigurationName = maxmsp;
		};
/* End XCConfigurationList section */
	};
	rootObject = 089C1669FE841209C02AAC07 /* Project object */;
}
